// !$*UTF8*$!
{
	archiveVersion = 1;
	classes = {
	};
	objectVersion = 50;
	objects = {

/* Begin PBXBuildFile section */
		177AD9AA23D5B5550011B87B /* AppDelegate.swift in Sources */ = {isa = PBXBuildFile; fileRef = 177AD9A923D5B5550011B87B /* AppDelegate.swift */; };
		177AD9AC23D5B5550011B87B /* SceneDelegate.swift in Sources */ = {isa = PBXBuildFile; fileRef = 177AD9AB23D5B5550011B87B /* SceneDelegate.swift */; };
		177AD9AE23D5B5550011B87B /* ViewController.swift in Sources */ = {isa = PBXBuildFile; fileRef = 177AD9AD23D5B5550011B87B /* ViewController.swift */; };
		177AD9B123D5B5550011B87B /* Main.storyboard in Resources */ = {isa = PBXBuildFile; fileRef = 177AD9AF23D5B5550011B87B /* Main.storyboard */; };
		177AD9B323D5B5560011B87B /* Assets.xcassets in Resources */ = {isa = PBXBuildFile; fileRef = 177AD9B223D5B5560011B87B /* Assets.xcassets */; };
		177AD9B623D5B5560011B87B /* LaunchScreen.storyboard in Resources */ = {isa = PBXBuildFile; fileRef = 177AD9B423D5B5560011B87B /* LaunchScreen.storyboard */; };
		177AD9D823D5C3290011B87B /* Running.jpg in Resources */ = {isa = PBXBuildFile; fileRef = 177AD9CF23D5C3290011B87B /* Running.jpg */; };
		177AD9D923D5C3290011B87B /* Barbell@3x.jpg in Resources */ = {isa = PBXBuildFile; fileRef = 177AD9D023D5C3290011B87B /* Barbell@3x.jpg */; };
		177AD9DA23D5C3290011B87B /* Beach@2x.jpg in Resources */ = {isa = PBXBuildFile; fileRef = 177AD9D123D5C3290011B87B /* Beach@2x.jpg */; };
		177AD9DB23D5C3290011B87B /* Running@3x.jpg in Resources */ = {isa = PBXBuildFile; fileRef = 177AD9D223D5C3290011B87B /* Running@3x.jpg */; };
		177AD9DC23D5C3290011B87B /* Beach@3x.jpg in Resources */ = {isa = PBXBuildFile; fileRef = 177AD9D323D5C3290011B87B /* Beach@3x.jpg */; };
		177AD9DD23D5C3290011B87B /* Barbell.jpg in Resources */ = {isa = PBXBuildFile; fileRef = 177AD9D423D5C3290011B87B /* Barbell.jpg */; };
		177AD9DE23D5C3290011B87B /* Beach.jpg in Resources */ = {isa = PBXBuildFile; fileRef = 177AD9D523D5C3290011B87B /* Beach.jpg */; };
		177AD9DF23D5C3290011B87B /* Running@2x.jpg in Resources */ = {isa = PBXBuildFile; fileRef = 177AD9D623D5C3290011B87B /* Running@2x.jpg */; };
		177AD9E023D5C3290011B87B /* Barbell@2x.jpg in Resources */ = {isa = PBXBuildFile; fileRef = 177AD9D723D5C3290011B87B /* Barbell@2x.jpg */; };
/* End PBXBuildFile section */

/* Begin PBXFileReference section */
		177AD9A623D5B5550011B87B /* WeCardName.app */ = {isa = PBXFileReference; explicitFileType = wrapper.application; includeInIndex = 0; path = WeCardName.app; sourceTree = BUILT_PRODUCTS_DIR; };
		177AD9A923D5B5550011B87B /* AppDelegate.swift */ = {isa = PBXFileReference; lastKnownFileType = sourcecode.swift; path = AppDelegate.swift; sourceTree = "<group>"; };
		177AD9AB23D5B5550011B87B /* SceneDelegate.swift */ = {isa = PBXFileReference; lastKnownFileType = sourcecode.swift; path = SceneDelegate.swift; sourceTree = "<group>"; };
		177AD9AD23D5B5550011B87B /* ViewController.swift */ = {isa = PBXFileReference; lastKnownFileType = sourcecode.swift; path = ViewController.swift; sourceTree = "<group>"; };
		177AD9B023D5B5550011B87B /* Base */ = {isa = PBXFileReference; lastKnownFileType = file.storyboard; name = Base; path = Base.lproj/Main.storyboard; sourceTree = "<group>"; };
		177AD9B223D5B5560011B87B /* Assets.xcassets */ = {isa = PBXFileReference; lastKnownFileType = folder.assetcatalog; path = Assets.xcassets; sourceTree = "<group>"; };
		177AD9B523D5B5560011B87B /* Base */ = {isa = PBXFileReference; lastKnownFileType = file.storyboard; name = Base; path = Base.lproj/LaunchScreen.storyboard; sourceTree = "<group>"; };
		177AD9B723D5B5560011B87B /* Info.plist */ = {isa = PBXFileReference; lastKnownFileType = text.plist.xml; path = Info.plist; sourceTree = "<group>"; };
		177AD9CF23D5C3290011B87B /* Running.jpg */ = {isa = PBXFileReference; lastKnownFileType = image.jpeg; name = Running.jpg; path = "../../../../Downloads/Lesson 03 Exercise Images 2/Running.jpg"; sourceTree = "<group>"; };
		177AD9D023D5C3290011B87B /* Barbell@3x.jpg */ = {isa = PBXFileReference; lastKnownFileType = image.jpeg; name = "Barbell@3x.jpg"; path = "../../../../Downloads/Lesson 03 Exercise Images 2/Barbell@3x.jpg"; sourceTree = "<group>"; };
		177AD9D123D5C3290011B87B /* Beach@2x.jpg */ = {isa = PBXFileReference; lastKnownFileType = image.jpeg; name = "Beach@2x.jpg"; path = "../../../../Downloads/Lesson 03 Exercise Images 2/Beach@2x.jpg"; sourceTree = "<group>"; };
		177AD9D223D5C3290011B87B /* Running@3x.jpg */ = {isa = PBXFileReference; lastKnownFileType = image.jpeg; name = "Running@3x.jpg"; path = "../../../../Downloads/Lesson 03 Exercise Images 2/Running@3x.jpg"; sourceTree = "<group>"; };
		177AD9D323D5C3290011B87B /* Beach@3x.jpg */ = {isa = PBXFileReference; lastKnownFileType = image.jpeg; name = "Beach@3x.jpg"; path = "../../../../Downloads/Lesson 03 Exercise Images 2/Beach@3x.jpg"; sourceTree = "<group>"; };
		177AD9D423D5C3290011B87B /* Barbell.jpg */ = {isa = PBXFileReference; lastKnownFileType = image.jpeg; name = Barbell.jpg; path = "../../../../Downloads/Lesson 03 Exercise Images 2/Barbell.jpg"; sourceTree = "<group>"; };
		177AD9D523D5C3290011B87B /* Beach.jpg */ = {isa = PBXFileReference; lastKnownFileType = image.jpeg; name = Beach.jpg; path = "../../../../Downloads/Lesson 03 Exercise Images 2/Beach.jpg"; sourceTree = "<group>"; };
		177AD9D623D5C3290011B87B /* Running@2x.jpg */ = {isa = PBXFileReference; lastKnownFileType = image.jpeg; name = "Running@2x.jpg"; path = "../../../../Downloads/Lesson 03 Exercise Images 2/Running@2x.jpg"; sourceTree = "<group>"; };
		177AD9D723D5C3290011B87B /* Barbell@2x.jpg */ = {isa = PBXFileReference; lastKnownFileType = image.jpeg; name = "Barbell@2x.jpg"; path = "../../../../Downloads/Lesson 03 Exercise Images 2/Barbell@2x.jpg"; sourceTree = "<group>"; };
/* End PBXFileReference section */

/* Begin PBXFrameworksBuildPhase section */
		177AD9A323D5B5550011B87B /* Frameworks */ = {
			isa = PBXFrameworksBuildPhase;
			buildActionMask = 2147483647;
			files = (
			);
			runOnlyForDeploymentPostprocessing = 0;
		};
/* End PBXFrameworksBuildPhase section */

/* Begin PBXGroup section */
		177AD99D23D5B5550011B87B = {
			isa = PBXGroup;
			children = (
				177AD9A823D5B5550011B87B /* WeCardName */,
				177AD9A723D5B5550011B87B /* Products */,
			);
			sourceTree = "<group>";
		};
		177AD9A723D5B5550011B87B /* Products */ = {
			isa = PBXGroup;
			children = (
				177AD9A623D5B5550011B87B /* WeCardName.app */,
			);
			name = Products;
			sourceTree = "<group>";
		};
		177AD9A823D5B5550011B87B /* WeCardName */ = {
			isa = PBXGroup;
			children = (
				177AD9A923D5B5550011B87B /* AppDelegate.swift */,
				177AD9AB23D5B5550011B87B /* SceneDelegate.swift */,
				177AD9AD23D5B5550011B87B /* ViewController.swift */,
				177AD9AF23D5B5550011B87B /* Main.storyboard */,
				177AD9B223D5B5560011B87B /* Assets.xcassets */,
				177AD9D423D5C3290011B87B /* Barbell.jpg */,
				177AD9D723D5C3290011B87B /* Barbell@2x.jpg */,
				177AD9D023D5C3290011B87B /* Barbell@3x.jpg */,
				177AD9D523D5C3290011B87B /* Beach.jpg */,
				177AD9D123D5C3290011B87B /* Beach@2x.jpg */,
				177AD9D323D5C3290011B87B /* Beach@3x.jpg */,
				177AD9CF23D5C3290011B87B /* Running.jpg */,
				177AD9D623D5C3290011B87B /* Running@2x.jpg */,
				177AD9D223D5C3290011B87B /* Running@3x.jpg */,
				177AD9B423D5B5560011B87B /* LaunchScreen.storyboard */,
				177AD9B723D5B5560011B87B /* Info.plist */,
			);
			path = WeCardName;
			sourceTree = "<group>";
		};
/* End PBXGroup section */

/* Begin PBXNativeTarget section */
		177AD9A523D5B5550011B87B /* WeCardName */ = {
			isa = PBXNativeTarget;
			buildConfigurationList = 177AD9BA23D5B5560011B87B /* Build configuration list for PBXNativeTarget "WeCardName" */;
			buildPhases = (
				177AD9A223D5B5550011B87B /* Sources */,
				177AD9A323D5B5550011B87B /* Frameworks */,
				177AD9A423D5B5550011B87B /* Resources */,
			);
			buildRules = (
			);
			dependencies = (
			);
			name = WeCardName;
			productName = WeCardName;
			productReference = 177AD9A623D5B5550011B87B /* WeCardName.app */;
			productType = "com.apple.product-type.application";
		};
/* End PBXNativeTarget section */

/* Begin PBXProject section */
		177AD99E23D5B5550011B87B /* Project object */ = {
			isa = PBXProject;
			attributes = {
				LastSwiftUpdateCheck = 1130;
				LastUpgradeCheck = 1130;
				ORGANIZATIONNAME = "Akash Parvatikar";
				TargetAttributes = {
					177AD9A523D5B5550011B87B = {
						CreatedOnToolsVersion = 11.3;
					};
				};
			};
			buildConfigurationList = 177AD9A123D5B5550011B87B /* Build configuration list for PBXProject "WeCardName" */;
			compatibilityVersion = "Xcode 9.3";
			developmentRegion = en;
			hasScannedForEncodings = 0;
			knownRegions = (
				en,
				Base,
			);
			mainGroup = 177AD99D23D5B5550011B87B;
			productRefGroup = 177AD9A723D5B5550011B87B /* Products */;
			projectDirPath = "";
			projectRoot = "";
			targets = (
				177AD9A523D5B5550011B87B /* WeCardName */,
			);
		};
/* End PBXProject section */

/* Begin PBXResourcesBuildPhase section */
		177AD9A423D5B5550011B87B /* Resources */ = {
			isa = PBXResourcesBuildPhase;
			buildActionMask = 2147483647;
			files = (
				177AD9B623D5B5560011B87B /* LaunchScreen.storyboard in Resources */,
				177AD9DC23D5C3290011B87B /* Beach@3x.jpg in Resources */,
				177AD9B323D5B5560011B87B /* Assets.xcassets in Resources */,
				177AD9DE23D5C3290011B87B /* Beach.jpg in Resources */,
				177AD9DF23D5C3290011B87B /* Running@2x.jpg in Resources */,
				177AD9DD23D5C3290011B87B /* Barbell.jpg in Resources */,
				177AD9B123D5B5550011B87B /* Main.storyboard in Resources */,
				177AD9DB23D5C3290011B87B /* Running@3x.jpg in Resources */,
				177AD9D923D5C3290011B87B /* Barbell@3x.jpg in Resources */,
				177AD9DA23D5C3290011B87B /* Beach@2x.jpg in Resources */,
				177AD9D823D5C3290011B87B /* Running.jpg in Resources */,
				177AD9E023D5C3290011B87B /* Barbell@2x.jpg in Resources */,
			);
			runOnlyForDeploymentPostprocessing = 0;
		};
/* End PBXResourcesBuildPhase section */

/* Begin PBXSourcesBuildPhase section */
		177AD9A223D5B5550011B87B /* Sources */ = {
			isa = PBXSourcesBuildPhase;
			buildActionMask = 2147483647;
			files = (
				177AD9AE23D5B5550011B87B /* ViewController.swift in Sources */,
				177AD9AA23D5B5550011B87B /* AppDelegate.swift in Sources */,
				177AD9AC23D5B5550011B87B /* SceneDelegate.swift in Sources */,
			);
			runOnlyForDeploymentPostprocessing = 0;
		};
/* End PBXSourcesBuildPhase section */

/* Begin PBXVariantGroup section */
		177AD9AF23D5B5550011B87B /* Main.storyboard */ = {
			isa = PBXVariantGroup;
			children = (
				177AD9B023D5B5550011B87B /* Base */,
			);
			name = Main.storyboard;
			sourceTree = "<group>";
		};
		177AD9B423D5B5560011B87B /* LaunchScreen.storyboard */ = {
			isa = PBXVariantGroup;
			children = (
				177AD9B523D5B5560011B87B /* Base */,
			);
			name = LaunchScreen.storyboard;
			sourceTree = "<group>";
		};
/* End PBXVariantGroup section */

/* Begin XCBuildConfiguration section */
		177AD9B823D5B5560011B87B /* Debug */ = {
			isa = XCBuildConfiguration;
			buildSettings = {
				ALWAYS_SEARCH_USER_PATHS = NO;
				CLANG_ANALYZER_NONNULL = YES;
				CLANG_ANALYZER_NUMBER_OBJECT_CONVERSION = YES_AGGRESSIVE;
				CLANG_CXX_LANGUAGE_STANDARD = "gnu++14";
				CLANG_CXX_LIBRARY = "libc++";
				CLANG_ENABLE_MODULES = YES;
				CLANG_ENABLE_OBJC_ARC = YES;
				CLANG_ENABLE_OBJC_WEAK = YES;
				CLANG_WARN_BLOCK_CAPTURE_AUTORELEASING = YES;
				CLANG_WARN_BOOL_CONVERSION = YES;
				CLANG_WARN_COMMA = YES;
				CLANG_WARN_CONSTANT_CONVERSION = YES;
				CLANG_WARN_DEPRECATED_OBJC_IMPLEMENTATIONS = YES;
				CLANG_WARN_DIRECT_OBJC_ISA_USAGE = YES_ERROR;
				CLANG_WARN_DOCUMENTATION_COMMENTS = YES;
				CLANG_WARN_EMPTY_BODY = YES;
				CLANG_WARN_ENUM_CONVERSION = YES;
				CLANG_WARN_INFINITE_RECURSION = YES;
				CLANG_WARN_INT_CONVERSION = YES;
				CLANG_WARN_NON_LITERAL_NULL_CONVERSION = YES;
				CLANG_WARN_OBJC_IMPLICIT_RETAIN_SELF = YES;
				CLANG_WARN_OBJC_LITERAL_CONVERSION = YES;
				CLANG_WARN_OBJC_ROOT_CLASS = YES_ERROR;
				CLANG_WARN_RANGE_LOOP_ANALYSIS = YES;
				CLANG_WARN_STRICT_PROTOTYPES = YES;
				CLANG_WARN_SUSPICIOUS_MOVE = YES;
				CLANG_WARN_UNGUARDED_AVAILABILITY = YES_AGGRESSIVE;
				CLANG_WARN_UNREACHABLE_CODE = YES;
				CLANG_WARN__DUPLICATE_METHOD_MATCH = YES;
				COPY_PHASE_STRIP = NO;
				DEBUG_INFORMATION_FORMAT = dwarf;
				ENABLE_STRICT_OBJC_MSGSEND = YES;
				ENABLE_TESTABILITY = YES;
				GCC_C_LANGUAGE_STANDARD = gnu11;
				GCC_DYNAMIC_NO_PIC = NO;
				GCC_NO_COMMON_BLOCKS = YES;
				GCC_OPTIMIZATION_LEVEL = 0;
				GCC_PREPROCESSOR_DEFINITIONS = (
					"DEBUG=1",
					"$(inherited)",
				);
				GCC_WARN_64_TO_32_BIT_CONVERSION = YES;
				GCC_WARN_ABOUT_RETURN_TYPE = YES_ERROR;
				GCC_WARN_UNDECLARED_SELECTOR = YES;
				GCC_WARN_UNINITIALIZED_AUTOS = YES_AGGRESSIVE;
				GCC_WARN_UNUSED_FUNCTION = YES;
				GCC_WARN_UNUSED_VARIABLE = YES;
				IPHONEOS_DEPLOYMENT_TARGET = 13.2;
				MTL_ENABLE_DEBUG_INFO = INCLUDE_SOURCE;
				MTL_FAST_MATH = YES;
				ONLY_ACTIVE_ARCH = YES;
				SDKROOT = iphoneos;
				SWIFT_ACTIVE_COMPILATION_CONDITIONS = DEBUG;
				SWIFT_OPTIMIZATION_LEVEL = "-Onone";
			};
			name = Debug;
		};
		177AD9B923D5B5560011B87B /* Release */ = {
			isa = XCBuildConfiguration;
			buildSettings = {
				ALWAYS_SEARCH_USER_PATHS = NO;
				CLANG_ANALYZER_NONNULL = YES;
				CLANG_ANALYZER_NUMBER_OBJECT_CONVERSION = YES_AGGRESSIVE;
				CLANG_CXX_LANGUAGE_STANDARD = "gnu++14";
				CLANG_CXX_LIBRARY = "libc++";
				CLANG_ENABLE_MODULES = YES;
				CLANG_ENABLE_OBJC_ARC = YES;
				CLANG_ENABLE_OBJC_WEAK = YES;
				CLANG_WARN_BLOCK_CAPTURE_AUTORELEASING = YES;
				CLANG_WARN_BOOL_CONVERSION = YES;
				CLANG_WARN_COMMA = YES;
				CLANG_WARN_CONSTANT_CONVERSION = YES;
				CLANG_WARN_DEPRECATED_OBJC_IMPLEMENTATIONS = YES;
				CLANG_WARN_DIRECT_OBJC_ISA_USAGE = YES_ERROR;
				CLANG_WARN_DOCUMENTATION_COMMENTS = YES;
				CLANG_WARN_EMPTY_BODY = YES;
				CLANG_WARN_ENUM_CONVERSION = YES;
				CLANG_WARN_INFINITE_RECURSION = YES;
				CLANG_WARN_INT_CONVERSION = YES;
				CLANG_WARN_NON_LITERAL_NULL_CONVERSION = YES;
				CLANG_WARN_OBJC_IMPLICIT_RETAIN_SELF = YES;
				CLANG_WARN_OBJC_LITERAL_CONVERSION = YES;
				CLANG_WARN_OBJC_ROOT_CLASS = YES_ERROR;
				CLANG_WARN_RANGE_LOOP_ANALYSIS = YES;
				CLANG_WARN_STRICT_PROTOTYPES = YES;
				CLANG_WARN_SUSPICIOUS_MOVE = YES;
				CLANG_WARN_UNGUARDED_AVAILABILITY = YES_AGGRESSIVE;
				CLANG_WARN_UNREACHABLE_CODE = YES;
				CLANG_WARN__DUPLICATE_METHOD_MATCH = YES;
				COPY_PHASE_STRIP = NO;
				DEBUG_INFORMATION_FORMAT = "dwarf-with-dsym";
				ENABLE_NS_ASSERTIONS = NO;
				ENABLE_STRICT_OBJC_MSGSEND = YES;
				GCC_C_LANGUAGE_STANDARD = gnu11;
				GCC_NO_COMMON_BLOCKS = YES;
				GCC_WARN_64_TO_32_BIT_CONVERSION = YES;
				GCC_WARN_ABOUT_RETURN_TYPE = YES_ERROR;
				GCC_WARN_UNDECLARED_SELECTOR = YES;
				GCC_WARN_UNINITIALIZED_AUTOS = YES_AGGRESSIVE;
				GCC_WARN_UNUSED_FUNCTION = YES;
				GCC_WARN_UNUSED_VARIABLE = YES;
				IPHONEOS_DEPLOYMENT_TARGET = 13.2;
				MTL_ENABLE_DEBUG_INFO = NO;
				MTL_FAST_MATH = YES;
				SDKROOT = iphoneos;
				SWIFT_COMPILATION_MODE = wholemodule;
				SWIFT_OPTIMIZATION_LEVEL = "-O";
				VALIDATE_PRODUCT = YES;
			};
			name = Release;
		};
		177AD9BB23D5B5560011B87B /* Debug */ = {
			isa = XCBuildConfiguration;
			buildSettings = {
				ASSETCATALOG_COMPILER_APPICON_NAME = AppIcon;
				CODE_SIGN_STYLE = Automatic;
				INFOPLIST_FILE = WeCardName/Info.plist;
				LD_RUNPATH_SEARCH_PATHS = (
					"$(inherited)",
					"@executable_path/Frameworks",
				);
				PRODUCT_BUNDLE_IDENTIFIER = com.example.WeCardName;
				PRODUCT_NAME = "$(TARGET_NAME)";
				SWIFT_VERSION = 5.0;
				TARGETED_DEVICE_FAMILY = "1,2";
			};
			name = Debug;
		};
		177AD9BC23D5B5560011B87B /* Release */ = {
			isa = XCBuildConfiguration;
			buildSettings = {
				ASSETCATALOG_COMPILER_APPICON_NAME = AppIcon;
				CODE_SIGN_STYLE = Automatic;
				INFOPLIST_FILE = WeCardName/Info.plist;
				LD_RUNPATH_SEARCH_PATHS = (
					"$(inherited)",
					"@executable_path/Frameworks",
				);
				PRODUCT_BUNDLE_IDENTIFIER = com.example.WeCardName;
				PRODUCT_NAME = "$(TARGET_NAME)";
				SWIFT_VERSION = 5.0;
				TARGETED_DEVICE_FAMILY = "1,2";
			};
			name = Release;
		};
/* End XCBuildConfiguration section */

/* Begin XCConfigurationList section */
		177AD9A123D5B5550011B87B /* Build configuration list for PBXProject "WeCardName" */ = {
			isa = XCConfigurationList;
			buildConfigurations = (
				177AD9B823D5B5560011B87B /* Debug */,
				177AD9B923D5B5560011B87B /* Release */,
			);
			defaultConfigurationIsVisible = 0;
			defaultConfigurationName = Release;
		};
		177AD9BA23D5B5560011B87B /* Build configuration list for PBXNativeTarget "WeCardName" */ = {
			isa = XCConfigurationList;
			buildConfigurations = (
				177AD9BB23D5B5560011B87B /* Debug */,
				177AD9BC23D5B5560011B87B /* Release */,
			);
			defaultConfigurationIsVisible = 0;
			defaultConfigurationName = Release;
		};
/* End XCConfigurationList section */
	};
	rootObject = 177AD99E23D5B5550011B87B /* Project object */;
}
